
Microsoft Visual Studio Solution File, Format Version 12.00
# Visual Studio 15
VisualStudioVersion = 15.0.27130.2036
MinimumVisualStudioVersion = 10.0.40219.1
Project("{FAE04EC0-301F-11D3-BF4B-00C04F79EFBC}") = "RE", "RE\RE.csproj", "{956CE320-D256-4E67-BE58-4E6FD5431FBD}"
EndProject
Project("{00D1A9C2-B5F0-4AF3-8072-F6C62B433612}") = "REProvider", "REProvder\REProvider.sqlproj", "{68DD968F-3E4D-437D-A915-11863D1FAF82}"
EndProject
Global
	GlobalSection(SolutionConfigurationPlatforms) = preSolution
		Debug|Any CPU = Debug|Any CPU
		Release|Any CPU = Release|Any CPU
	EndGlobalSection
	GlobalSection(ProjectConfigurationPlatforms) = postSolution
		{956CE320-D256-4E67-BE58-4E6FD5431FBD}.Debug|Any CPU.ActiveCfg = Debug|Any CPU
		{956CE320-D256-4E67-BE58-4E6FD5431FBD}.Debug|Any CPU.Build.0 = Debug|Any CPU
		{956CE320-D256-4E67-BE58-4E6FD5431FBD}.Release|Any CPU.ActiveCfg = Release|Any CPU
		{956CE320-D256-4E67-BE58-4E6FD5431FBD}.Release|Any CPU.Build.0 = Release|Any CPU
		{68DD968F-3E4D-437D-A915-11863D1FAF82}.Debug|Any CPU.ActiveCfg = Debug|Any CPU
		{68DD968F-3E4D-437D-A915-11863D1FAF82}.Debug|Any CPU.Build.0 = Debug|Any CPU
		{68DD968F-3E4D-437D-A915-11863D1FAF82}.Debug|Any CPU.Deploy.0 = Debug|Any CPU
		{68DD968F-3E4D-437D-A915-11863D1FAF82}.Release|Any CPU.ActiveCfg = Release|Any CPU
		{68DD968F-3E4D-437D-A915-11863D1FAF82}.Release|Any CPU.Build.0 = Release|Any CPU
		{68DD968F-3E4D-437D-A915-11863D1FAF82}.Release|Any CPU.Deploy.0 = Release|Any CPU
	EndGlobalSection
	GlobalSection(SolutionProperties) = preSolution
		HideSolutionNode = FALSE
	EndGlobalSection
	GlobalSection(ExtensibilityGlobals) = postSolution
		SolutionGuid = {4AE7B47B-76A9-4BA2-A594-EE70718299A7}
	EndGlobalSection
EndGlobal
